
Microsoft Visual Studio Solution File, Format Version 12.00
# Visual Studio Version 17
VisualStudioVersion = 17.0.31903.59
MinimumVisualStudioVersion = 10.0.40219.1
Project("{2150E333-8FDC-42A3-9474-1A3956D46DE8}") = "src", "src", "{DCE58608-51FC-4A61-B531-DE45841A0073}"
EndProject
Project("{FAE04EC0-301F-11D3-BF4B-00C04F79EFBC}") = "CleanArchTemplate.BlazorWebApp.Domain", "src\Domain\CleanArchTemplate.BlazorWebApp.Domain.csproj", "{42B0B029-6904-44DB-99CD-B9D2EE401FDB}"
EndProject
Project("{FAE04EC0-301F-11D3-BF4B-00C04F79EFBC}") = "CleanArchTemplate.BlazorWebApp.Application", "src\Application\CleanArchTemplate.BlazorWebApp.Application.csproj", "{21ECA87D-DBFA-4BD2-A0CD-0FD895B78ACF}"
EndProject
Project("{FAE04EC0-301F-11D3-BF4B-00C04F79EFBC}") = "CleanArchTemplate.BlazorWebApp.Infrastructure", "src\Infrastructure\CleanArchTemplate.BlazorWebApp.Infrastructure.csproj", "{C5375CBC-56CF-4A8F-9467-3D84D4AFA57A}"
EndProject
Project("{2150E333-8FDC-42A3-9474-1A3956D46DE8}") = "Presentation", "Presentation", "{7318CD0C-BA63-4A99-85D6-14D76A607624}"
EndProject
Project("{FAE04EC0-301F-11D3-BF4B-00C04F79EFBC}") = "CleanArchTemplate.BlazorWebApp", "src\Presentation\CleanArchTemplate.BlazorWebApp\CleanArchTemplate.BlazorWebApp.csproj", "{49501BF0-53B9-4B30-9047-D32D9CFB02CB}"
EndProject
#if(UseWebAssembly || UseAuto)
Project("{FAE04EC0-301F-11D3-BF4B-00C04F79EFBC}") = "CleanArchTemplate.BlazorWebApp.Client", "src\Presentation\CleanArchTemplate.BlazorWebApp.Client\CleanArchTemplate.BlazorWebApp.Client.csproj", "{65128C0D-2FC3-4899-A1CA-081F92A1EA4B}"
#endif
EndProject
Global
	GlobalSection(SolutionConfigurationPlatforms) = preSolution
		Debug|Any CPU = Debug|Any CPU
		Release|Any CPU = Release|Any CPU
	EndGlobalSection
	GlobalSection(SolutionProperties) = preSolution
		HideSolutionNode = FALSE
	EndGlobalSection
	GlobalSection(ProjectConfigurationPlatforms) = postSolution
		{42B0B029-6904-44DB-99CD-B9D2EE401FDB}.Debug|Any CPU.ActiveCfg = Debug|Any CPU
		{42B0B029-6904-44DB-99CD-B9D2EE401FDB}.Debug|Any CPU.Build.0 = Debug|Any CPU
		{42B0B029-6904-44DB-99CD-B9D2EE401FDB}.Release|Any CPU.ActiveCfg = Release|Any CPU
		{42B0B029-6904-44DB-99CD-B9D2EE401FDB}.Release|Any CPU.Build.0 = Release|Any CPU
		{21ECA87D-DBFA-4BD2-A0CD-0FD895B78ACF}.Debug|Any CPU.ActiveCfg = Debug|Any CPU
		{21ECA87D-DBFA-4BD2-A0CD-0FD895B78ACF}.Debug|Any CPU.Build.0 = Debug|Any CPU
		{21ECA87D-DBFA-4BD2-A0CD-0FD895B78ACF}.Release|Any CPU.ActiveCfg = Release|Any CPU
		{21ECA87D-DBFA-4BD2-A0CD-0FD895B78ACF}.Release|Any CPU.Build.0 = Release|Any CPU
		{C5375CBC-56CF-4A8F-9467-3D84D4AFA57A}.Debug|Any CPU.ActiveCfg = Debug|Any CPU
		{C5375CBC-56CF-4A8F-9467-3D84D4AFA57A}.Debug|Any CPU.Build.0 = Debug|Any CPU
		{C5375CBC-56CF-4A8F-9467-3D84D4AFA57A}.Release|Any CPU.ActiveCfg = Release|Any CPU
		{C5375CBC-56CF-4A8F-9467-3D84D4AFA57A}.Release|Any CPU.Build.0 = Release|Any CPU
		{49501BF0-53B9-4B30-9047-D32D9CFB02CB}.Debug|Any CPU.ActiveCfg = Debug|Any CPU
		{49501BF0-53B9-4B30-9047-D32D9CFB02CB}.Debug|Any CPU.Build.0 = Debug|Any CPU
		{49501BF0-53B9-4B30-9047-D32D9CFB02CB}.Release|Any CPU.ActiveCfg = Release|Any CPU
		{49501BF0-53B9-4B30-9047-D32D9CFB02CB}.Release|Any CPU.Build.0 = Release|Any CPU
		#if(UseWebAssembly)
		{65128C0D-2FC3-4899-A1CA-081F92A1EA4B}.Debug|Any CPU.ActiveCfg = Debug|Any CPU
		{65128C0D-2FC3-4899-A1CA-081F92A1EA4B}.Debug|Any CPU.Build.0 = Debug|Any CPU
		{65128C0D-2FC3-4899-A1CA-081F92A1EA4B}.Release|Any CPU.ActiveCfg = Release|Any CPU
		{65128C0D-2FC3-4899-A1CA-081F92A1EA4B}.Release|Any CPU.Build.0 = Release|Any CPU
		#endif
	EndGlobalSection
	GlobalSection(NestedProjects) = preSolution
		{42B0B029-6904-44DB-99CD-B9D2EE401FDB} = {DCE58608-51FC-4A61-B531-DE45841A0073}
		{21ECA87D-DBFA-4BD2-A0CD-0FD895B78ACF} = {DCE58608-51FC-4A61-B531-DE45841A0073}
		{C5375CBC-56CF-4A8F-9467-3D84D4AFA57A} = {DCE58608-51FC-4A61-B531-DE45841A0073}
		{7318CD0C-BA63-4A99-85D6-14D76A607624} = {DCE58608-51FC-4A61-B531-DE45841A0073}
		{49501BF0-53B9-4B30-9047-D32D9CFB02CB} = {7318CD0C-BA63-4A99-85D6-14D76A607624}
		#if(UseWebAssembly || UseAuto)
		{65128C0D-2FC3-4899-A1CA-081F92A1EA4B} = {7318CD0C-BA63-4A99-85D6-14D76A607624}
		#endif
	EndGlobalSection
EndGlobal
